// !$*UTF8*$!
{
	archiveVersion = 1;
	classes = {
	};
	objectVersion = 50;
	objects = {

/* Begin PBXBuildFile section */
		50ABC19325CBE56900D466E6 /* AppDelegate.swift in Sources */ = {isa = PBXBuildFile; fileRef = 50ABC19225CBE56900D466E6 /* AppDelegate.swift */; };
		50ABC19525CBE56900D466E6 /* SceneDelegate.swift in Sources */ = {isa = PBXBuildFile; fileRef = 50ABC19425CBE56900D466E6 /* SceneDelegate.swift */; };
		50ABC19725CBE56900D466E6 /* ViewController.swift in Sources */ = {isa = PBXBuildFile; fileRef = 50ABC19625CBE56900D466E6 /* ViewController.swift */; };
		50ABC19A25CBE56900D466E6 /* Main.storyboard in Resources */ = {isa = PBXBuildFile; fileRef = 50ABC19825CBE56900D466E6 /* Main.storyboard */; };
		50ABC19C25CBE56A00D466E6 /* Assets.xcassets in Resources */ = {isa = PBXBuildFile; fileRef = 50ABC19B25CBE56A00D466E6 /* Assets.xcassets */; };
		50ABC19F25CBE56A00D466E6 /* LaunchScreen.storyboard in Resources */ = {isa = PBXBuildFile; fileRef = 50ABC19D25CBE56A00D466E6 /* LaunchScreen.storyboard */; };
		50ABC1A825CBE8CE00D466E6 /* StoryCollectionViewCell.swift in Sources */ = {isa = PBXBuildFile; fileRef = 50ABC1A725CBE8CE00D466E6 /* StoryCollectionViewCell.swift */; };
		50ABC1AB25CBF58600D466E6 /* User.swift in Sources */ = {isa = PBXBuildFile; fileRef = 50ABC1AA25CBF58600D466E6 /* User.swift */; };
		50ABC1B425CD022800D466E6 /* PostTableViewCell.swift in Sources */ = {isa = PBXBuildFile; fileRef = 50ABC1B225CD022800D466E6 /* PostTableViewCell.swift */; };
		50ABC1B525CD022800D466E6 /* PostTableViewCell.xib in Resources */ = {isa = PBXBuildFile; fileRef = 50ABC1B325CD022800D466E6 /* PostTableViewCell.xib */; };
		50C461CA25DE32130001D997 /* StoryDetailViewController.swift in Sources */ = {isa = PBXBuildFile; fileRef = 50C461C925DE32130001D997 /* StoryDetailViewController.swift */; };
		50C461D025DE5A320001D997 /* MainPresenter.swift in Sources */ = {isa = PBXBuildFile; fileRef = 50C461CF25DE5A320001D997 /* MainPresenter.swift */; };
/* End PBXBuildFile section */

/* Begin PBXFileReference section */
		50ABC18F25CBE56900D466E6 /* InstagramApp. UItable and Uicollection.app */ = {isa = PBXFileReference; explicitFileType = wrapper.application; includeInIndex = 0; path = "InstagramApp. UItable and Uicollection.app"; sourceTree = BUILT_PRODUCTS_DIR; };
		50ABC19225CBE56900D466E6 /* AppDelegate.swift */ = {isa = PBXFileReference; lastKnownFileType = sourcecode.swift; path = AppDelegate.swift; sourceTree = "<group>"; };
		50ABC19425CBE56900D466E6 /* SceneDelegate.swift */ = {isa = PBXFileReference; lastKnownFileType = sourcecode.swift; path = SceneDelegate.swift; sourceTree = "<group>"; };
		50ABC19625CBE56900D466E6 /* ViewController.swift */ = {isa = PBXFileReference; lastKnownFileType = sourcecode.swift; path = ViewController.swift; sourceTree = "<group>"; };
		50ABC19925CBE56900D466E6 /* Base */ = {isa = PBXFileReference; lastKnownFileType = file.storyboard; name = Base; path = Base.lproj/Main.storyboard; sourceTree = "<group>"; };
		50ABC19B25CBE56A00D466E6 /* Assets.xcassets */ = {isa = PBXFileReference; lastKnownFileType = folder.assetcatalog; path = Assets.xcassets; sourceTree = "<group>"; };
		50ABC19E25CBE56A00D466E6 /* Base */ = {isa = PBXFileReference; lastKnownFileType = file.storyboard; name = Base; path = Base.lproj/LaunchScreen.storyboard; sourceTree = "<group>"; };
		50ABC1A025CBE56A00D466E6 /* Info.plist */ = {isa = PBXFileReference; lastKnownFileType = text.plist.xml; path = Info.plist; sourceTree = "<group>"; };
		50ABC1A725CBE8CE00D466E6 /* StoryCollectionViewCell.swift */ = {isa = PBXFileReference; lastKnownFileType = sourcecode.swift; path = StoryCollectionViewCell.swift; sourceTree = "<group>"; };
		50ABC1AA25CBF58600D466E6 /* User.swift */ = {isa = PBXFileReference; lastKnownFileType = sourcecode.swift; path = User.swift; sourceTree = "<group>"; };
		50ABC1B225CD022800D466E6 /* PostTableViewCell.swift */ = {isa = PBXFileReference; lastKnownFileType = sourcecode.swift; path = PostTableViewCell.swift; sourceTree = "<group>"; };
		50ABC1B325CD022800D466E6 /* PostTableViewCell.xib */ = {isa = PBXFileReference; lastKnownFileType = file.xib; path = PostTableViewCell.xib; sourceTree = "<group>"; };
		50C461C925DE32130001D997 /* StoryDetailViewController.swift */ = {isa = PBXFileReference; lastKnownFileType = sourcecode.swift; path = StoryDetailViewController.swift; sourceTree = "<group>"; };
		50C461CF25DE5A320001D997 /* MainPresenter.swift */ = {isa = PBXFileReference; lastKnownFileType = sourcecode.swift; path = MainPresenter.swift; sourceTree = "<group>"; };
/* End PBXFileReference section */

/* Begin PBXFrameworksBuildPhase section */
		50ABC18C25CBE56900D466E6 /* Frameworks */ = {
			isa = PBXFrameworksBuildPhase;
			buildActionMask = 2147483647;
			files = (
			);
			runOnlyForDeploymentPostprocessing = 0;
		};
/* End PBXFrameworksBuildPhase section */

/* Begin PBXGroup section */
		50ABC18625CBE56900D466E6 = {
			isa = PBXGroup;
			children = (
				50ABC19125CBE56900D466E6 /* InstagramApp. UItable and Uicollection */,
				50ABC19025CBE56900D466E6 /* Products */,
			);
			sourceTree = "<group>";
		};
		50ABC19025CBE56900D466E6 /* Products */ = {
			isa = PBXGroup;
			children = (
				50ABC18F25CBE56900D466E6 /* InstagramApp. UItable and Uicollection.app */,
			);
			name = Products;
			sourceTree = "<group>";
		};
		50ABC19125CBE56900D466E6 /* InstagramApp. UItable and Uicollection */ = {
			isa = PBXGroup;
			children = (
				50C461CC25DE3DD80001D997 /* Presenter */,
				50ABC1A025CBE56A00D466E6 /* Info.plist */,
				50C461BE25DE1B7B0001D997 /* SupportinFiles */,
				50C461C225DE21060001D997 /* View */,
				50C461C025DE1D6B0001D997 /* Model */,
			);
			path = "InstagramApp. UItable and Uicollection";
			sourceTree = "<group>";
		};
		50C461BE25DE1B7B0001D997 /* SupportinFiles */ = {
			isa = PBXGroup;
			children = (
				50ABC1B325CD022800D466E6 /* PostTableViewCell.xib */,
				50ABC19B25CBE56A00D466E6 /* Assets.xcassets */,
				50ABC19D25CBE56A00D466E6 /* LaunchScreen.storyboard */,
				50ABC19825CBE56900D466E6 /* Main.storyboard */,
				50ABC19225CBE56900D466E6 /* AppDelegate.swift */,
				50ABC19425CBE56900D466E6 /* SceneDelegate.swift */,
			);
			path = SupportinFiles;
			sourceTree = "<group>";
		};
		50C461C025DE1D6B0001D997 /* Model */ = {
			isa = PBXGroup;
			children = (
				50ABC1AA25CBF58600D466E6 /* User.swift */,
			);
			path = Model;
			sourceTree = "<group>";
		};
		50C461C225DE21060001D997 /* View */ = {
			isa = PBXGroup;
			children = (
				50ABC19625CBE56900D466E6 /* ViewController.swift */,
				50ABC1A725CBE8CE00D466E6 /* StoryCollectionViewCell.swift */,
				50ABC1B225CD022800D466E6 /* PostTableViewCell.swift */,
				50C461C925DE32130001D997 /* StoryDetailViewController.swift */,
			);
			path = View;
			sourceTree = "<group>";
		};
		50C461CC25DE3DD80001D997 /* Presenter */ = {
			isa = PBXGroup;
			children = (
				50C461CF25DE5A320001D997 /* MainPresenter.swift */,
			);
			path = Presenter;
			sourceTree = "<group>";
		};
/* End PBXGroup section */

/* Begin PBXNativeTarget section */
		50ABC18E25CBE56900D466E6 /* InstagramApp. UItable and Uicollection */ = {
			isa = PBXNativeTarget;
			buildConfigurationList = 50ABC1A325CBE56A00D466E6 /* Build configuration list for PBXNativeTarget "InstagramApp. UItable and Uicollection" */;
			buildPhases = (
				50ABC18B25CBE56900D466E6 /* Sources */,
				50ABC18C25CBE56900D466E6 /* Frameworks */,
				50ABC18D25CBE56900D466E6 /* Resources */,
			);
			buildRules = (
			);
			dependencies = (
			);
			name = "InstagramApp. UItable and Uicollection";
			productName = "InstagramApp. UItable and Uicollection";
			productReference = 50ABC18F25CBE56900D466E6 /* InstagramApp. UItable and Uicollection.app */;
			productType = "com.apple.product-type.application";
		};
/* End PBXNativeTarget section */

/* Begin PBXProject section */
		50ABC18725CBE56900D466E6 /* Project object */ = {
			isa = PBXProject;
			attributes = {
				LastSwiftUpdateCheck = 1210;
				LastUpgradeCheck = 1210;
				TargetAttributes = {
					50ABC18E25CBE56900D466E6 = {
						CreatedOnToolsVersion = 12.1;
					};
				};
			};
			buildConfigurationList = 50ABC18A25CBE56900D466E6 /* Build configuration list for PBXProject "InstagramApp. UItable and Uicollection" */;
			compatibilityVersion = "Xcode 9.3";
			developmentRegion = en;
			hasScannedForEncodings = 0;
			knownRegions = (
				en,
				Base,
			);
			mainGroup = 50ABC18625CBE56900D466E6;
			productRefGroup = 50ABC19025CBE56900D466E6 /* Products */;
			projectDirPath = "";
			projectRoot = "";
			targets = (
				50ABC18E25CBE56900D466E6 /* InstagramApp. UItable and Uicollection */,
			);
		};
/* End PBXProject section */

/* Begin PBXResourcesBuildPhase section */
		50ABC18D25CBE56900D466E6 /* Resources */ = {
			isa = PBXResourcesBuildPhase;
			buildActionMask = 2147483647;
			files = (
				50ABC19F25CBE56A00D466E6 /* LaunchScreen.storyboard in Resources */,
				50ABC19C25CBE56A00D466E6 /* Assets.xcassets in Resources */,
				50ABC19A25CBE56900D466E6 /* Main.storyboard in Resources */,
				50ABC1B525CD022800D466E6 /* PostTableViewCell.xib in Resources */,
			);
			runOnlyForDeploymentPostprocessing = 0;
		};
/* End PBXResourcesBuildPhase section */

/* Begin PBXSourcesBuildPhase section */
		50ABC18B25CBE56900D466E6 /* Sources */ = {
			isa = PBXSourcesBuildPhase;
			buildActionMask = 2147483647;
			files = (
				50ABC1A825CBE8CE00D466E6 /* StoryCollectionViewCell.swift in Sources */,
				50ABC19725CBE56900D466E6 /* ViewController.swift in Sources */,
				50C461CA25DE32130001D997 /* StoryDetailViewController.swift in Sources */,
				50C461D025DE5A320001D997 /* MainPresenter.swift in Sources */,
				50ABC19325CBE56900D466E6 /* AppDelegate.swift in Sources */,
				50ABC1AB25CBF58600D466E6 /* User.swift in Sources */,
				50ABC19525CBE56900D466E6 /* SceneDelegate.swift in Sources */,
				50ABC1B425CD022800D466E6 /* PostTableViewCell.swift in Sources */,
			);
			runOnlyForDeploymentPostprocessing = 0;
		};
/* End PBXSourcesBuildPhase section */

/* Begin PBXVariantGroup section */
		50ABC19825CBE56900D466E6 /* Main.storyboard */ = {
			isa = PBXVariantGroup;
			children = (
				50ABC19925CBE56900D466E6 /* Base */,
			);
			name = Main.storyboard;
			sourceTree = "<group>";
		};
		50ABC19D25CBE56A00D466E6 /* LaunchScreen.storyboard */ = {
			isa = PBXVariantGroup;
			children = (
				50ABC19E25CBE56A00D466E6 /* Base */,
			);
			name = LaunchScreen.storyboard;
			sourceTree = "<group>";
		};
/* End PBXVariantGroup section */

/* Begin XCBuildConfiguration section */
		50ABC1A125CBE56A00D466E6 /* Debug */ = {
			isa = XCBuildConfiguration;
			buildSettings = {
				ALWAYS_SEARCH_USER_PATHS = NO;
				CLANG_ANALYZER_NONNULL = YES;
				CLANG_ANALYZER_NUMBER_OBJECT_CONVERSION = YES_AGGRESSIVE;
				CLANG_CXX_LANGUAGE_STANDARD = "gnu++14";
				CLANG_CXX_LIBRARY = "libc++";
				CLANG_ENABLE_MODULES = YES;
				CLANG_ENABLE_OBJC_ARC = YES;
				CLANG_ENABLE_OBJC_WEAK = YES;
				CLANG_WARN_BLOCK_CAPTURE_AUTORELEASING = YES;
				CLANG_WARN_BOOL_CONVERSION = YES;
				CLANG_WARN_COMMA = YES;
				CLANG_WARN_CONSTANT_CONVERSION = YES;
				CLANG_WARN_DEPRECATED_OBJC_IMPLEMENTATIONS = YES;
				CLANG_WARN_DIRECT_OBJC_ISA_USAGE = YES_ERROR;
				CLANG_WARN_DOCUMENTATION_COMMENTS = YES;
				CLANG_WARN_EMPTY_BODY = YES;
				CLANG_WARN_ENUM_CONVERSION = YES;
				CLANG_WARN_INFINITE_RECURSION = YES;
				CLANG_WARN_INT_CONVERSION = YES;
				CLANG_WARN_NON_LITERAL_NULL_CONVERSION = YES;
				CLANG_WARN_OBJC_IMPLICIT_RETAIN_SELF = YES;
				CLANG_WARN_OBJC_LITERAL_CONVERSION = YES;
				CLANG_WARN_OBJC_ROOT_CLASS = YES_ERROR;
				CLANG_WARN_QUOTED_INCLUDE_IN_FRAMEWORK_HEADER = YES;
				CLANG_WARN_RANGE_LOOP_ANALYSIS = YES;
				CLANG_WARN_STRICT_PROTOTYPES = YES;
				CLANG_WARN_SUSPICIOUS_MOVE = YES;
				CLANG_WARN_UNGUARDED_AVAILABILITY = YES_AGGRESSIVE;
				CLANG_WARN_UNREACHABLE_CODE = YES;
				CLANG_WARN__DUPLICATE_METHOD_MATCH = YES;
				COPY_PHASE_STRIP = NO;
				DEBUG_INFORMATION_FORMAT = dwarf;
				ENABLE_STRICT_OBJC_MSGSEND = YES;
				ENABLE_TESTABILITY = YES;
				GCC_C_LANGUAGE_STANDARD = gnu11;
				GCC_DYNAMIC_NO_PIC = NO;
				GCC_NO_COMMON_BLOCKS = YES;
				GCC_OPTIMIZATION_LEVEL = 0;
				GCC_PREPROCESSOR_DEFINITIONS = (
					"DEBUG=1",
					"$(inherited)",
				);
				GCC_WARN_64_TO_32_BIT_CONVERSION = YES;
				GCC_WARN_ABOUT_RETURN_TYPE = YES_ERROR;
				GCC_WARN_UNDECLARED_SELECTOR = YES;
				GCC_WARN_UNINITIALIZED_AUTOS = YES_AGGRESSIVE;
				GCC_WARN_UNUSED_FUNCTION = YES;
				GCC_WARN_UNUSED_VARIABLE = YES;
				IPHONEOS_DEPLOYMENT_TARGET = 14.1;
				MTL_ENABLE_DEBUG_INFO = INCLUDE_SOURCE;
				MTL_FAST_MATH = YES;
				ONLY_ACTIVE_ARCH = YES;
				SDKROOT = iphoneos;
				SWIFT_ACTIVE_COMPILATION_CONDITIONS = DEBUG;
				SWIFT_OPTIMIZATION_LEVEL = "-Onone";
			};
			name = Debug;
		};
		50ABC1A225CBE56A00D466E6 /* Release */ = {
			isa = XCBuildConfiguration;
			buildSettings = {
				ALWAYS_SEARCH_USER_PATHS = NO;
				CLANG_ANALYZER_NONNULL = YES;
				CLANG_ANALYZER_NUMBER_OBJECT_CONVERSION = YES_AGGRESSIVE;
				CLANG_CXX_LANGUAGE_STANDARD = "gnu++14";
				CLANG_CXX_LIBRARY = "libc++";
				CLANG_ENABLE_MODULES = YES;
				CLANG_ENABLE_OBJC_ARC = YES;
				CLANG_ENABLE_OBJC_WEAK = YES;
				CLANG_WARN_BLOCK_CAPTURE_AUTORELEASING = YES;
				CLANG_WARN_BOOL_CONVERSION = YES;
				CLANG_WARN_COMMA = YES;
				CLANG_WARN_CONSTANT_CONVERSION = YES;
				CLANG_WARN_DEPRECATED_OBJC_IMPLEMENTATIONS = YES;
				CLANG_WARN_DIRECT_OBJC_ISA_USAGE = YES_ERROR;
				CLANG_WARN_DOCUMENTATION_COMMENTS = YES;
				CLANG_WARN_EMPTY_BODY = YES;
				CLANG_WARN_ENUM_CONVERSION = YES;
				CLANG_WARN_INFINITE_RECURSION = YES;
				CLANG_WARN_INT_CONVERSION = YES;
				CLANG_WARN_NON_LITERAL_NULL_CONVERSION = YES;
				CLANG_WARN_OBJC_IMPLICIT_RETAIN_SELF = YES;
				CLANG_WARN_OBJC_LITERAL_CONVERSION = YES;
				CLANG_WARN_OBJC_ROOT_CLASS = YES_ERROR;
				CLANG_WARN_QUOTED_INCLUDE_IN_FRAMEWORK_HEADER = YES;
				CLANG_WARN_RANGE_LOOP_ANALYSIS = YES;
				CLANG_WARN_STRICT_PROTOTYPES = YES;
				CLANG_WARN_SUSPICIOUS_MOVE = YES;
				CLANG_WARN_UNGUARDED_AVAILABILITY = YES_AGGRESSIVE;
				CLANG_WARN_UNREACHABLE_CODE = YES;
				CLANG_WARN__DUPLICATE_METHOD_MATCH = YES;
				COPY_PHASE_STRIP = NO;
				DEBUG_INFORMATION_FORMAT = "dwarf-with-dsym";
				ENABLE_NS_ASSERTIONS = NO;
				ENABLE_STRICT_OBJC_MSGSEND = YES;
				GCC_C_LANGUAGE_STANDARD = gnu11;
				GCC_NO_COMMON_BLOCKS = YES;
				GCC_WARN_64_TO_32_BIT_CONVERSION = YES;
				GCC_WARN_ABOUT_RETURN_TYPE = YES_ERROR;
				GCC_WARN_UNDECLARED_SELECTOR = YES;
				GCC_WARN_UNINITIALIZED_AUTOS = YES_AGGRESSIVE;
				GCC_WARN_UNUSED_FUNCTION = YES;
				GCC_WARN_UNUSED_VARIABLE = YES;
				IPHONEOS_DEPLOYMENT_TARGET = 14.1;
				MTL_ENABLE_DEBUG_INFO = NO;
				MTL_FAST_MATH = YES;
				SDKROOT = iphoneos;
				SWIFT_COMPILATION_MODE = wholemodule;
				SWIFT_OPTIMIZATION_LEVEL = "-O";
				VALIDATE_PRODUCT = YES;
			};
			name = Release;
		};
		50ABC1A425CBE56A00D466E6 /* Debug */ = {
			isa = XCBuildConfiguration;
			buildSettings = {
				ASSETCATALOG_COMPILER_APPICON_NAME = AppIcon;
				ASSETCATALOG_COMPILER_GLOBAL_ACCENT_COLOR_NAME = AccentColor;
				CODE_SIGN_STYLE = Automatic;
				DEVELOPMENT_TEAM = 3AP5HUCPUK;
				INFOPLIST_FILE = "InstagramApp. UItable and Uicollection/Info.plist";
				LD_RUNPATH_SEARCH_PATHS = (
					"$(inherited)",
					"@executable_path/Frameworks",
				);
				PRODUCT_BUNDLE_IDENTIFIER = "com.InstagramApp--UItable-and-Uicollection";
				PRODUCT_NAME = "$(TARGET_NAME)";
				SWIFT_VERSION = 5.0;
				TARGETED_DEVICE_FAMILY = "1,2";
			};
			name = Debug;
		};
		50ABC1A525CBE56A00D466E6 /* Release */ = {
			isa = XCBuildConfiguration;
			buildSettings = {
				ASSETCATALOG_COMPILER_APPICON_NAME = AppIcon;
				ASSETCATALOG_COMPILER_GLOBAL_ACCENT_COLOR_NAME = AccentColor;
				CODE_SIGN_STYLE = Automatic;
				DEVELOPMENT_TEAM = 3AP5HUCPUK;
				INFOPLIST_FILE = "InstagramApp. UItable and Uicollection/Info.plist";
				LD_RUNPATH_SEARCH_PATHS = (
					"$(inherited)",
					"@executable_path/Frameworks",
				);
				PRODUCT_BUNDLE_IDENTIFIER = "com.InstagramApp--UItable-and-Uicollection";
				PRODUCT_NAME = "$(TARGET_NAME)";
				SWIFT_VERSION = 5.0;
				TARGETED_DEVICE_FAMILY = "1,2";
			};
			name = Release;
		};
/* End XCBuildConfiguration section */

/* Begin XCConfigurationList section */
		50ABC18A25CBE56900D466E6 /* Build configuration list for PBXProject "InstagramApp. UItable and Uicollection" */ = {
			isa = XCConfigurationList;
			buildConfigurations = (
				50ABC1A125CBE56A00D466E6 /* Debug */,
				50ABC1A225CBE56A00D466E6 /* Release */,
			);
			defaultConfigurationIsVisible = 0;
			defaultConfigurationName = Release;
		};
		50ABC1A325CBE56A00D466E6 /* Build configuration list for PBXNativeTarget "InstagramApp. UItable and Uicollection" */ = {
			isa = XCConfigurationList;
			buildConfigurations = (
				50ABC1A425CBE56A00D466E6 /* Debug */,
				50ABC1A525CBE56A00D466E6 /* Release */,
			);
			defaultConfigurationIsVisible = 0;
			defaultConfigurationName = Release;
		};
/* End XCConfigurationList section */
	};
	rootObject = 50ABC18725CBE56900D466E6 /* Project object */;
}
